// !$*UTF8*$!
{
	archiveVersion = 1;
	classes = {
	};
	objectVersion = 56;
	objects = {

/* Begin PBXBuildFile section */
		9467D9572A229EE30042CB65 /* AppDelegate.swift in Sources */ = {isa = PBXBuildFile; fileRef = 9467D9562A229EE30042CB65 /* AppDelegate.swift */; };
		9467D9592A229EE30042CB65 /* SceneDelegate.swift in Sources */ = {isa = PBXBuildFile; fileRef = 9467D9582A229EE30042CB65 /* SceneDelegate.swift */; };
		9467D95B2A229EE30042CB65 /* ShotViewController.swift in Sources */ = {isa = PBXBuildFile; fileRef = 9467D95A2A229EE30042CB65 /* ShotViewController.swift */; };
		9467D95E2A229EE30042CB65 /* Main.storyboard in Resources */ = {isa = PBXBuildFile; fileRef = 9467D95C2A229EE30042CB65 /* Main.storyboard */; };
		9467D9612A229EE30042CB65 /* HoopSong.xcdatamodeld in Sources */ = {isa = PBXBuildFile; fileRef = 9467D95F2A229EE30042CB65 /* HoopSong.xcdatamodeld */; };
		9467D9632A229EE50042CB65 /* Assets.xcassets in Resources */ = {isa = PBXBuildFile; fileRef = 9467D9622A229EE50042CB65 /* Assets.xcassets */; };
		9467D9662A229EE50042CB65 /* LaunchScreen.storyboard in Resources */ = {isa = PBXBuildFile; fileRef = 9467D9642A229EE50042CB65 /* LaunchScreen.storyboard */; };
		9467D96E2A22A0D50042CB65 /* ShotListViewController.swift in Sources */ = {isa = PBXBuildFile; fileRef = 9467D96D2A22A0D50042CB65 /* ShotListViewController.swift */; };
		9467D9702A22B18F0042CB65 /* SessionViewController.swift in Sources */ = {isa = PBXBuildFile; fileRef = 9467D96F2A22B18F0042CB65 /* SessionViewController.swift */; };
		94AA28D42A2827E7007A5C68 /* HoopsSession+CoreDataClass.swift in Sources */ = {isa = PBXBuildFile; fileRef = 94AA28D02A2827E7007A5C68 /* HoopsSession+CoreDataClass.swift */; };
		94AA28D52A2827E7007A5C68 /* HoopsSession+CoreDataProperties.swift in Sources */ = {isa = PBXBuildFile; fileRef = 94AA28D12A2827E7007A5C68 /* HoopsSession+CoreDataProperties.swift */; };
		94AA28D62A2827E7007A5C68 /* HoopsShot+CoreDataClass.swift in Sources */ = {isa = PBXBuildFile; fileRef = 94AA28D22A2827E7007A5C68 /* HoopsShot+CoreDataClass.swift */; };
		94AA28D72A2827E7007A5C68 /* HoopsShot+CoreDataProperties.swift in Sources */ = {isa = PBXBuildFile; fileRef = 94AA28D32A2827E7007A5C68 /* HoopsShot+CoreDataProperties.swift */; };
/* End PBXBuildFile section */

/* Begin PBXFileReference section */
		9467D9532A229EE30042CB65 /* HoopSong.app */ = {isa = PBXFileReference; explicitFileType = wrapper.application; includeInIndex = 0; path = HoopSong.app; sourceTree = BUILT_PRODUCTS_DIR; };
		9467D9562A229EE30042CB65 /* AppDelegate.swift */ = {isa = PBXFileReference; lastKnownFileType = sourcecode.swift; path = AppDelegate.swift; sourceTree = "<group>"; };
		9467D9582A229EE30042CB65 /* SceneDelegate.swift */ = {isa = PBXFileReference; lastKnownFileType = sourcecode.swift; path = SceneDelegate.swift; sourceTree = "<group>"; };
		9467D95A2A229EE30042CB65 /* ShotViewController.swift */ = {isa = PBXFileReference; lastKnownFileType = sourcecode.swift; path = ShotViewController.swift; sourceTree = "<group>"; };
		9467D95D2A229EE30042CB65 /* Base */ = {isa = PBXFileReference; lastKnownFileType = file.storyboard; name = Base; path = Base.lproj/Main.storyboard; sourceTree = "<group>"; };
		9467D9602A229EE30042CB65 /* HoopSong.xcdatamodel */ = {isa = PBXFileReference; lastKnownFileType = wrapper.xcdatamodel; path = HoopSong.xcdatamodel; sourceTree = "<group>"; };
		9467D9622A229EE50042CB65 /* Assets.xcassets */ = {isa = PBXFileReference; lastKnownFileType = folder.assetcatalog; path = Assets.xcassets; sourceTree = "<group>"; };
		9467D9652A229EE50042CB65 /* Base */ = {isa = PBXFileReference; lastKnownFileType = file.storyboard; name = Base; path = Base.lproj/LaunchScreen.storyboard; sourceTree = "<group>"; };
		9467D9672A229EE50042CB65 /* Info.plist */ = {isa = PBXFileReference; lastKnownFileType = text.plist.xml; path = Info.plist; sourceTree = "<group>"; };
		9467D96D2A22A0D50042CB65 /* ShotListViewController.swift */ = {isa = PBXFileReference; lastKnownFileType = sourcecode.swift; path = ShotListViewController.swift; sourceTree = "<group>"; };
		9467D96F2A22B18F0042CB65 /* SessionViewController.swift */ = {isa = PBXFileReference; lastKnownFileType = sourcecode.swift; path = SessionViewController.swift; sourceTree = "<group>"; };
		94AA28D02A2827E7007A5C68 /* HoopsSession+CoreDataClass.swift */ = {isa = PBXFileReference; lastKnownFileType = sourcecode.swift; path = "HoopsSession+CoreDataClass.swift"; sourceTree = "<group>"; };
		94AA28D12A2827E7007A5C68 /* HoopsSession+CoreDataProperties.swift */ = {isa = PBXFileReference; lastKnownFileType = sourcecode.swift; path = "HoopsSession+CoreDataProperties.swift"; sourceTree = "<group>"; };
		94AA28D22A2827E7007A5C68 /* HoopsShot+CoreDataClass.swift */ = {isa = PBXFileReference; lastKnownFileType = sourcecode.swift; path = "HoopsShot+CoreDataClass.swift"; sourceTree = "<group>"; };
		94AA28D32A2827E7007A5C68 /* HoopsShot+CoreDataProperties.swift */ = {isa = PBXFileReference; lastKnownFileType = sourcecode.swift; path = "HoopsShot+CoreDataProperties.swift"; sourceTree = "<group>"; };
/* End PBXFileReference section */

/* Begin PBXFrameworksBuildPhase section */
		9467D9502A229EE30042CB65 /* Frameworks */ = {
			isa = PBXFrameworksBuildPhase;
			buildActionMask = 2147483647;
			files = (
			);
			runOnlyForDeploymentPostprocessing = 0;
		};
/* End PBXFrameworksBuildPhase section */

/* Begin PBXGroup section */
		9467D94A2A229EE30042CB65 = {
			isa = PBXGroup;
			children = (
				94AA28D02A2827E7007A5C68 /* HoopsSession+CoreDataClass.swift */,
				94AA28D12A2827E7007A5C68 /* HoopsSession+CoreDataProperties.swift */,
				94AA28D22A2827E7007A5C68 /* HoopsShot+CoreDataClass.swift */,
				94AA28D32A2827E7007A5C68 /* HoopsShot+CoreDataProperties.swift */,
				9467D9552A229EE30042CB65 /* HoopSong */,
				9467D9542A229EE30042CB65 /* Products */,
			);
			sourceTree = "<group>";
		};
		9467D9542A229EE30042CB65 /* Products */ = {
			isa = PBXGroup;
			children = (
				9467D9532A229EE30042CB65 /* HoopSong.app */,
			);
			name = Products;
			sourceTree = "<group>";
		};
		9467D9552A229EE30042CB65 /* HoopSong */ = {
			isa = PBXGroup;
			children = (
				9467D9562A229EE30042CB65 /* AppDelegate.swift */,
				9467D9582A229EE30042CB65 /* SceneDelegate.swift */,
				9467D96D2A22A0D50042CB65 /* ShotListViewController.swift */,
				9467D95A2A229EE30042CB65 /* ShotViewController.swift */,
				9467D96F2A22B18F0042CB65 /* SessionViewController.swift */,
				9467D95C2A229EE30042CB65 /* Main.storyboard */,
				9467D9622A229EE50042CB65 /* Assets.xcassets */,
				9467D9642A229EE50042CB65 /* LaunchScreen.storyboard */,
				9467D9672A229EE50042CB65 /* Info.plist */,
				9467D95F2A229EE30042CB65 /* HoopSong.xcdatamodeld */,
			);
			path = HoopSong;
			sourceTree = "<group>";
		};
/* End PBXGroup section */

/* Begin PBXNativeTarget section */
		9467D9522A229EE30042CB65 /* HoopSong */ = {
			isa = PBXNativeTarget;
			buildConfigurationList = 9467D96A2A229EE50042CB65 /* Build configuration list for PBXNativeTarget "HoopSong" */;
			buildPhases = (
				9467D94F2A229EE30042CB65 /* Sources */,
				9467D9502A229EE30042CB65 /* Frameworks */,
				9467D9512A229EE30042CB65 /* Resources */,
			);
			buildRules = (
			);
			dependencies = (
			);
			name = HoopSong;
			productName = HoopSong;
			productReference = 9467D9532A229EE30042CB65 /* HoopSong.app */;
			productType = "com.apple.product-type.application";
		};
/* End PBXNativeTarget section */

/* Begin PBXProject section */
		9467D94B2A229EE30042CB65 /* Project object */ = {
			isa = PBXProject;
			attributes = {
				BuildIndependentTargetsInParallel = 1;
				LastSwiftUpdateCheck = 1430;
				LastUpgradeCheck = 1430;
				TargetAttributes = {
					9467D9522A229EE30042CB65 = {
						CreatedOnToolsVersion = 14.3;
					};
				};
			};
			buildConfigurationList = 9467D94E2A229EE30042CB65 /* Build configuration list for PBXProject "HoopSong" */;
			compatibilityVersion = "Xcode 14.0";
			developmentRegion = en;
			hasScannedForEncodings = 0;
			knownRegions = (
				en,
				Base,
			);
			mainGroup = 9467D94A2A229EE30042CB65;
			productRefGroup = 9467D9542A229EE30042CB65 /* Products */;
			projectDirPath = "";
			projectRoot = "";
			targets = (
				9467D9522A229EE30042CB65 /* HoopSong */,
			);
		};
/* End PBXProject section */

/* Begin PBXResourcesBuildPhase section */
		9467D9512A229EE30042CB65 /* Resources */ = {
			isa = PBXResourcesBuildPhase;
			buildActionMask = 2147483647;
			files = (
				9467D9662A229EE50042CB65 /* LaunchScreen.storyboard in Resources */,
				9467D9632A229EE50042CB65 /* Assets.xcassets in Resources */,
				9467D95E2A229EE30042CB65 /* Main.storyboard in Resources */,
			);
			runOnlyForDeploymentPostprocessing = 0;
		};
/* End PBXResourcesBuildPhase section */

/* Begin PBXSourcesBuildPhase section */
		9467D94F2A229EE30042CB65 /* Sources */ = {
			isa = PBXSourcesBuildPhase;
			buildActionMask = 2147483647;
			files = (
				94AA28D52A2827E7007A5C68 /* HoopsSession+CoreDataProperties.swift in Sources */,
				9467D95B2A229EE30042CB65 /* ShotViewController.swift in Sources */,
				94AA28D42A2827E7007A5C68 /* HoopsSession+CoreDataClass.swift in Sources */,
				9467D96E2A22A0D50042CB65 /* ShotListViewController.swift in Sources */,
				9467D9572A229EE30042CB65 /* AppDelegate.swift in Sources */,
				9467D9702A22B18F0042CB65 /* SessionViewController.swift in Sources */,
				9467D9612A229EE30042CB65 /* HoopSong.xcdatamodeld in Sources */,
				94AA28D72A2827E7007A5C68 /* HoopsShot+CoreDataProperties.swift in Sources */,
				94AA28D62A2827E7007A5C68 /* HoopsShot+CoreDataClass.swift in Sources */,
				9467D9592A229EE30042CB65 /* SceneDelegate.swift in Sources */,
			);
			runOnlyForDeploymentPostprocessing = 0;
		};
/* End PBXSourcesBuildPhase section */

/* Begin PBXVariantGroup section */
		9467D95C2A229EE30042CB65 /* Main.storyboard */ = {
			isa = PBXVariantGroup;
			children = (
				9467D95D2A229EE30042CB65 /* Base */,
			);
			name = Main.storyboard;
			sourceTree = "<group>";
		};
		9467D9642A229EE50042CB65 /* LaunchScreen.storyboard */ = {
			isa = PBXVariantGroup;
			children = (
				9467D9652A229EE50042CB65 /* Base */,
			);
			name = LaunchScreen.storyboard;
			sourceTree = "<group>";
		};
/* End PBXVariantGroup section */

/* Begin XCBuildConfiguration section */
		9467D9682A229EE50042CB65 /* Debug */ = {
			isa = XCBuildConfiguration;
			buildSettings = {
				ALWAYS_SEARCH_USER_PATHS = NO;
				CLANG_ANALYZER_NONNULL = YES;
				CLANG_ANALYZER_NUMBER_OBJECT_CONVERSION = YES_AGGRESSIVE;
				CLANG_CXX_LANGUAGE_STANDARD = "gnu++20";
				CLANG_ENABLE_MODULES = YES;
				CLANG_ENABLE_OBJC_ARC = YES;
				CLANG_ENABLE_OBJC_WEAK = YES;
				CLANG_WARN_BLOCK_CAPTURE_AUTORELEASING = YES;
				CLANG_WARN_BOOL_CONVERSION = YES;
				CLANG_WARN_COMMA = YES;
				CLANG_WARN_CONSTANT_CONVERSION = YES;
				CLANG_WARN_DEPRECATED_OBJC_IMPLEMENTATIONS = YES;
				CLANG_WARN_DIRECT_OBJC_ISA_USAGE = YES_ERROR;
				CLANG_WARN_DOCUMENTATION_COMMENTS = YES;
				CLANG_WARN_EMPTY_BODY = YES;
				CLANG_WARN_ENUM_CONVERSION = YES;
				CLANG_WARN_INFINITE_RECURSION = YES;
				CLANG_WARN_INT_CONVERSION = YES;
				CLANG_WARN_NON_LITERAL_NULL_CONVERSION = YES;
				CLANG_WARN_OBJC_IMPLICIT_RETAIN_SELF = YES;
				CLANG_WARN_OBJC_LITERAL_CONVERSION = YES;
				CLANG_WARN_OBJC_ROOT_CLASS = YES_ERROR;
				CLANG_WARN_QUOTED_INCLUDE_IN_FRAMEWORK_HEADER = YES;
				CLANG_WARN_RANGE_LOOP_ANALYSIS = YES;
				CLANG_WARN_STRICT_PROTOTYPES = YES;
				CLANG_WARN_SUSPICIOUS_MOVE = YES;
				CLANG_WARN_UNGUARDED_AVAILABILITY = YES_AGGRESSIVE;
				CLANG_WARN_UNREACHABLE_CODE = YES;
				CLANG_WARN__DUPLICATE_METHOD_MATCH = YES;
				COPY_PHASE_STRIP = NO;
				DEBUG_INFORMATION_FORMAT = dwarf;
				ENABLE_STRICT_OBJC_MSGSEND = YES;
				ENABLE_TESTABILITY = YES;
				GCC_C_LANGUAGE_STANDARD = gnu11;
				GCC_DYNAMIC_NO_PIC = NO;
				GCC_NO_COMMON_BLOCKS = YES;
				GCC_OPTIMIZATION_LEVEL = 0;
				GCC_PREPROCESSOR_DEFINITIONS = (
					"DEBUG=1",
					"$(inherited)",
				);
				GCC_WARN_64_TO_32_BIT_CONVERSION = YES;
				GCC_WARN_ABOUT_RETURN_TYPE = YES_ERROR;
				GCC_WARN_UNDECLARED_SELECTOR = YES;
				GCC_WARN_UNINITIALIZED_AUTOS = YES_AGGRESSIVE;
				GCC_WARN_UNUSED_FUNCTION = YES;
				GCC_WARN_UNUSED_VARIABLE = YES;
				IPHONEOS_DEPLOYMENT_TARGET = 14.0;
				MTL_ENABLE_DEBUG_INFO = INCLUDE_SOURCE;
				MTL_FAST_MATH = YES;
				ONLY_ACTIVE_ARCH = YES;
				SDKROOT = iphoneos;
				SWIFT_ACTIVE_COMPILATION_CONDITIONS = DEBUG;
				SWIFT_OPTIMIZATION_LEVEL = "-Onone";
			};
			name = Debug;
		};
		9467D9692A229EE50042CB65 /* Release */ = {
			isa = XCBuildConfiguration;
			buildSettings = {
				ALWAYS_SEARCH_USER_PATHS = NO;
				CLANG_ANALYZER_NONNULL = YES;
				CLANG_ANALYZER_NUMBER_OBJECT_CONVERSION = YES_AGGRESSIVE;
				CLANG_CXX_LANGUAGE_STANDARD = "gnu++20";
				CLANG_ENABLE_MODULES = YES;
				CLANG_ENABLE_OBJC_ARC = YES;
				CLANG_ENABLE_OBJC_WEAK = YES;
				CLANG_WARN_BLOCK_CAPTURE_AUTORELEASING = YES;
				CLANG_WARN_BOOL_CONVERSION = YES;
				CLANG_WARN_COMMA = YES;
				CLANG_WARN_CONSTANT_CONVERSION = YES;
				CLANG_WARN_DEPRECATED_OBJC_IMPLEMENTATIONS = YES;
				CLANG_WARN_DIRECT_OBJC_ISA_USAGE = YES_ERROR;
				CLANG_WARN_DOCUMENTATION_COMMENTS = YES;
				CLANG_WARN_EMPTY_BODY = YES;
				CLANG_WARN_ENUM_CONVERSION = YES;
				CLANG_WARN_INFINITE_RECURSION = YES;
				CLANG_WARN_INT_CONVERSION = YES;
				CLANG_WARN_NON_LITERAL_NULL_CONVERSION = YES;
				CLANG_WARN_OBJC_IMPLICIT_RETAIN_SELF = YES;
				CLANG_WARN_OBJC_LITERAL_CONVERSION = YES;
				CLANG_WARN_OBJC_ROOT_CLASS = YES_ERROR;
				CLANG_WARN_QUOTED_INCLUDE_IN_FRAMEWORK_HEADER = YES;
				CLANG_WARN_RANGE_LOOP_ANALYSIS = YES;
				CLANG_WARN_STRICT_PROTOTYPES = YES;
				CLANG_WARN_SUSPICIOUS_MOVE = YES;
				CLANG_WARN_UNGUARDED_AVAILABILITY = YES_AGGRESSIVE;
				CLANG_WARN_UNREACHABLE_CODE = YES;
				CLANG_WARN__DUPLICATE_METHOD_MATCH = YES;
				COPY_PHASE_STRIP = NO;
				DEBUG_INFORMATION_FORMAT = "dwarf-with-dsym";
				ENABLE_NS_ASSERTIONS = NO;
				ENABLE_STRICT_OBJC_MSGSEND = YES;
				GCC_C_LANGUAGE_STANDARD = gnu11;
				GCC_NO_COMMON_BLOCKS = YES;
				GCC_WARN_64_TO_32_BIT_CONVERSION = YES;
				GCC_WARN_ABOUT_RETURN_TYPE = YES_ERROR;
				GCC_WARN_UNDECLARED_SELECTOR = YES;
				GCC_WARN_UNINITIALIZED_AUTOS = YES_AGGRESSIVE;
				GCC_WARN_UNUSED_FUNCTION = YES;
				GCC_WARN_UNUSED_VARIABLE = YES;
				IPHONEOS_DEPLOYMENT_TARGET = 14.0;
				MTL_ENABLE_DEBUG_INFO = NO;
				MTL_FAST_MATH = YES;
				SDKROOT = iphoneos;
				SWIFT_COMPILATION_MODE = wholemodule;
				SWIFT_OPTIMIZATION_LEVEL = "-O";
				VALIDATE_PRODUCT = YES;
			};
			name = Release;
		};
		9467D96B2A229EE50042CB65 /* Debug */ = {
			isa = XCBuildConfiguration;
			buildSettings = {
				ASSETCATALOG_COMPILER_APPICON_NAME = AppIcon;
				ASSETCATALOG_COMPILER_GLOBAL_ACCENT_COLOR_NAME = AccentColor;
				CODE_SIGN_STYLE = Automatic;
				CURRENT_PROJECT_VERSION = 4;
				DEVELOPMENT_TEAM = P4KPPF3X57;
				GENERATE_INFOPLIST_FILE = YES;
				INFOPLIST_FILE = HoopSong/Info.plist;
				INFOPLIST_KEY_LSApplicationCategoryType = "public.app-category.sports";
				INFOPLIST_KEY_UIApplicationSupportsIndirectInputEvents = YES;
				INFOPLIST_KEY_UILaunchStoryboardName = LaunchScreen;
				INFOPLIST_KEY_UIMainStoryboardFile = Main;
				INFOPLIST_KEY_UISupportedInterfaceOrientations_iPad = "UIInterfaceOrientationPortrait UIInterfaceOrientationPortraitUpsideDown UIInterfaceOrientationLandscapeLeft UIInterfaceOrientationLandscapeRight";
				INFOPLIST_KEY_UISupportedInterfaceOrientations_iPhone = "UIInterfaceOrientationPortrait UIInterfaceOrientationLandscapeLeft UIInterfaceOrientationLandscapeRight";
				LD_RUNPATH_SEARCH_PATHS = (
					"$(inherited)",
					"@executable_path/Frameworks",
				);
				MARKETING_VERSION = 2.2;
				PRODUCT_BUNDLE_IDENTIFIER = com.scolobey.HoopSong;
				PRODUCT_NAME = "$(TARGET_NAME)";
				SUPPORTED_PLATFORMS = "iphoneos iphonesimulator";
				SUPPORTS_MACCATALYST = NO;
				SUPPORTS_MAC_DESIGNED_FOR_IPHONE_IPAD = NO;
				SWIFT_EMIT_LOC_STRINGS = YES;
				SWIFT_VERSION = 5.0;
				TARGETED_DEVICE_FAMILY = 1;
			};
			name = Debug;
		};
		9467D96C2A229EE50042CB65 /* Release */ = {
			isa = XCBuildConfiguration;
			buildSettings = {
				ASSETCATALOG_COMPILER_APPICON_NAME = AppIcon;
				ASSETCATALOG_COMPILER_GLOBAL_ACCENT_COLOR_NAME = AccentColor;
				CODE_SIGN_STYLE = Automatic;
				CURRENT_PROJECT_VERSION = 4;
				DEVELOPMENT_TEAM = P4KPPF3X57;
				GENERATE_INFOPLIST_FILE = YES;
				INFOPLIST_FILE = HoopSong/Info.plist;
				INFOPLIST_KEY_LSApplicationCategoryType = "public.app-category.sports";
				INFOPLIST_KEY_UIApplicationSupportsIndirectInputEvents = YES;
				INFOPLIST_KEY_UILaunchStoryboardName = LaunchScreen;
				INFOPLIST_KEY_UIMainStoryboardFile = Main;
				INFOPLIST_KEY_UISupportedInterfaceOrientations_iPad = "UIInterfaceOrientationPortrait UIInterfaceOrientationPortraitUpsideDown UIInterfaceOrientationLandscapeLeft UIInterfaceOrientationLandscapeRight";
				INFOPLIST_KEY_UISupportedInterfaceOrientations_iPhone = "UIInterfaceOrientationPortrait UIInterfaceOrientationLandscapeLeft UIInterfaceOrientationLandscapeRight";
				LD_RUNPATH_SEARCH_PATHS = (
					"$(inherited)",
					"@executable_path/Frameworks",
				);
				MARKETING_VERSION = 2.2;
				PRODUCT_BUNDLE_IDENTIFIER = com.scolobey.HoopSong;
				PRODUCT_NAME = "$(TARGET_NAME)";
				SUPPORTED_PLATFORMS = "iphoneos iphonesimulator";
				SUPPORTS_MACCATALYST = NO;
				SUPPORTS_MAC_DESIGNED_FOR_IPHONE_IPAD = NO;
				SWIFT_EMIT_LOC_STRINGS = YES;
				SWIFT_VERSION = 5.0;
				TARGETED_DEVICE_FAMILY = 1;
			};
			name = Release;
		};
/* End XCBuildConfiguration section */

/* Begin XCConfigurationList section */
		9467D94E2A229EE30042CB65 /* Build configuration list for PBXProject "HoopSong" */ = {
			isa = XCConfigurationList;
			buildConfigurations = (
				9467D9682A229EE50042CB65 /* Debug */,
				9467D9692A229EE50042CB65 /* Release */,
			);
			defaultConfigurationIsVisible = 0;
			defaultConfigurationName = Release;
		};
		9467D96A2A229EE50042CB65 /* Build configuration list for PBXNativeTarget "HoopSong" */ = {
			isa = XCConfigurationList;
			buildConfigurations = (
				9467D96B2A229EE50042CB65 /* Debug */,
				9467D96C2A229EE50042CB65 /* Release */,
			);
			defaultConfigurationIsVisible = 0;
			defaultConfigurationName = Release;
		};
/* End XCConfigurationList section */

/* Begin XCVersionGroup section */
		9467D95F2A229EE30042CB65 /* HoopSong.xcdatamodeld */ = {
			isa = XCVersionGroup;
			children = (
				9467D9602A229EE30042CB65 /* HoopSong.xcdatamodel */,
			);
			currentVersion = 9467D9602A229EE30042CB65 /* HoopSong.xcdatamodel */;
			path = HoopSong.xcdatamodeld;
			sourceTree = "<group>";
			versionGroupType = wrapper.xcdatamodel;
		};
/* End XCVersionGroup section */
	};
	rootObject = 9467D94B2A229EE30042CB65 /* Project object */;
}
